
Microsoft Visual Studio Solution File, Format Version 12.00
# Visual Studio Version 17
VisualStudioVersion = 17.0.32112.339
MinimumVisualStudioVersion = 10.0.40219.1
Project("{9A19103F-16F7-4668-BE54-9A1E7A4F7556}") = "Edubot.HintServer.Web", "Edubot.HintServer.Web\Edubot.HintServer.Web.csproj", "{3FD119BF-6C4A-4B8C-B85E-F8762C0BAE85}"
EndProject
Project("{9A19103F-16F7-4668-BE54-9A1E7A4F7556}") = "Edubot.HintServer.Logic", "Edubot.HintServer.Logic\Edubot.HintServer.Logic.csproj", "{EE5B0C04-5BBD-44D5-885F-CFC46B112489}"
EndProject
Project("{E53339B2-1760-4266-BCC7-CA923CBCF16C}") = "docker-compose", "docker-compose.dcproj", "{70FE4D8D-0D37-47B9-B126-8A2DBD11B0BB}"
EndProject
Global
	GlobalSection(SolutionConfigurationPlatforms) = preSolution
		Debug|Any CPU = Debug|Any CPU
		Release|Any CPU = Release|Any CPU
	EndGlobalSection
	GlobalSection(ProjectConfigurationPlatforms) = postSolution
		{3FD119BF-6C4A-4B8C-B85E-F8762C0BAE85}.Debug|Any CPU.ActiveCfg = Debug|Any CPU
		{3FD119BF-6C4A-4B8C-B85E-F8762C0BAE85}.Debug|Any CPU.Build.0 = Debug|Any CPU
		{3FD119BF-6C4A-4B8C-B85E-F8762C0BAE85}.Release|Any CPU.ActiveCfg = Release|Any CPU
		{3FD119BF-6C4A-4B8C-B85E-F8762C0BAE85}.Release|Any CPU.Build.0 = Release|Any CPU
		{EE5B0C04-5BBD-44D5-885F-CFC46B112489}.Debug|Any CPU.ActiveCfg = Debug|Any CPU
		{EE5B0C04-5BBD-44D5-885F-CFC46B112489}.Debug|Any CPU.Build.0 = Debug|Any CPU
		{EE5B0C04-5BBD-44D5-885F-CFC46B112489}.Release|Any CPU.ActiveCfg = Release|Any CPU
		{EE5B0C04-5BBD-44D5-885F-CFC46B112489}.Release|Any CPU.Build.0 = Release|Any CPU
		{70FE4D8D-0D37-47B9-B126-8A2DBD11B0BB}.Debug|Any CPU.ActiveCfg = Debug|Any CPU
		{70FE4D8D-0D37-47B9-B126-8A2DBD11B0BB}.Debug|Any CPU.Build.0 = Debug|Any CPU
		{70FE4D8D-0D37-47B9-B126-8A2DBD11B0BB}.Release|Any CPU.ActiveCfg = Release|Any CPU
		{70FE4D8D-0D37-47B9-B126-8A2DBD11B0BB}.Release|Any CPU.Build.0 = Release|Any CPU
	EndGlobalSection
	GlobalSection(SolutionProperties) = preSolution
		HideSolutionNode = FALSE
	EndGlobalSection
	GlobalSection(ExtensibilityGlobals) = postSolution
		SolutionGuid = {EEC54F23-D747-42DC-B343-FA4A04341628}
	EndGlobalSection
EndGlobal
